
Microsoft Visual Studio Solution File, Format Version 12.00
# Visual Studio Version 16
VisualStudioVersion = 16.0.28803.202
MinimumVisualStudioVersion = 10.0.40219.1
Project("{8BC9CEB8-8B4A-11D0-8D11-00A0C91BC942}") = "Graph_lab_2", "Graph_lab_2\Graph_lab_2.vcxproj", "{1FDAC3AE-1405-4442-A590-6D00E99B5045}"
EndProject
Global
	GlobalSection(SolutionConfigurationPlatforms) = preSolution
		Debug|x64 = Debug|x64
		Debug|x86 = Debug|x86
		Release|x64 = Release|x64
		Release|x86 = Release|x86
	EndGlobalSection
	GlobalSection(ProjectConfigurationPlatforms) = postSolution
		{1FDAC3AE-1405-4442-A590-6D00E99B5045}.Debug|x64.ActiveCfg = Debug|x64
		{1FDAC3AE-1405-4442-A590-6D00E99B5045}.Debug|x64.Build.0 = Debug|x64
		{1FDAC3AE-1405-4442-A590-6D00E99B5045}.Debug|x86.ActiveCfg = Debug|Win32
		{1FDAC3AE-1405-4442-A590-6D00E99B5045}.Debug|x86.Build.0 = Debug|Win32
		{1FDAC3AE-1405-4442-A590-6D00E99B5045}.Release|x64.ActiveCfg = Release|x64
		{1FDAC3AE-1405-4442-A590-6D00E99B5045}.Release|x64.Build.0 = Release|x64
		{1FDAC3AE-1405-4442-A590-6D00E99B5045}.Release|x86.ActiveCfg = Release|Win32
		{1FDAC3AE-1405-4442-A590-6D00E99B5045}.Release|x86.Build.0 = Release|Win32
	EndGlobalSection
	GlobalSection(SolutionProperties) = preSolution
		HideSolutionNode = FALSE
	EndGlobalSection
	GlobalSection(ExtensibilityGlobals) = postSolution
		SolutionGuid = {02FA7E32-C943-4AD0-BF79-03C8D76150BC}
	EndGlobalSection
EndGlobal
